
Microsoft Visual Studio Solution File, Format Version 11.00
# Visual C++ Express 2010
Project("{8BC9CEB8-8B4A-11D0-8D11-00A0C91BC942}") = "ch7_1_CharController", "ch7_1_CharController\ch7_1_CharController.vcxproj", "{C1A499F8-59E0-4F36-95C0-8D921E258EAF}"
EndProject
Global
	GlobalSection(SolutionConfigurationPlatforms) = preSolution
		Debug|Win32 = Debug|Win32
		Release|Win32 = Release|Win32
	EndGlobalSection
	GlobalSection(ProjectConfigurationPlatforms) = postSolution
		{C1A499F8-59E0-4F36-95C0-8D921E258EAF}.Debug|Win32.ActiveCfg = Debug|Win32
		{C1A499F8-59E0-4F36-95C0-8D921E258EAF}.Debug|Win32.Build.0 = Debug|Win32
		{C1A499F8-59E0-4F36-95C0-8D921E258EAF}.Release|Win32.ActiveCfg = Release|Win32
		{C1A499F8-59E0-4F36-95C0-8D921E258EAF}.Release|Win32.Build.0 = Release|Win32
	EndGlobalSection
	GlobalSection(SolutionProperties) = preSolution
		HideSolutionNode = FALSE
	EndGlobalSection
EndGlobal
